
Microsoft Visual Studio Solution File, Format Version 12.00
# Visual Studio Version 17
VisualStudioVersion = 17.1.32421.90
MinimumVisualStudioVersion = 10.0.40219.1
Project("{FAE04EC0-301F-11D3-BF4B-00C04F79EFBC}") = "QuranSkachat", "QuranSkachat\QuranSkachat.csproj", "{430B3993-C6BF-4681-A265-02BCD4903653}"
EndProject
Global
	GlobalSection(SolutionConfigurationPlatforms) = preSolution
		Debug|Any CPU = Debug|Any CPU
		Release|Any CPU = Release|Any CPU
	EndGlobalSection
	GlobalSection(ProjectConfigurationPlatforms) = postSolution
		{430B3993-C6BF-4681-A265-02BCD4903653}.Debug|Any CPU.ActiveCfg = Debug|Any CPU
		{430B3993-C6BF-4681-A265-02BCD4903653}.Debug|Any CPU.Build.0 = Debug|Any CPU
		{430B3993-C6BF-4681-A265-02BCD4903653}.Release|Any CPU.ActiveCfg = Release|Any CPU
		{430B3993-C6BF-4681-A265-02BCD4903653}.Release|Any CPU.Build.0 = Release|Any CPU
	EndGlobalSection
	GlobalSection(SolutionProperties) = preSolution
		HideSolutionNode = FALSE
	EndGlobalSection
	GlobalSection(ExtensibilityGlobals) = postSolution
		SolutionGuid = {A95C47C1-8A15-43B7-8B5B-0255D19E3E1C}
	EndGlobalSection
EndGlobal
